
Microsoft Visual Studio Solution File, Format Version 12.00
# Visual Studio Version 16
VisualStudioVersion = 16.0.31424.327
MinimumVisualStudioVersion = 10.0.40219.1
Project("{FAE04EC0-301F-11D3-BF4B-00C04F79EFBC}") = "UDPService", "UDPService\UDPService.csproj", "{54F76EA6-C63C-4E3B-A513-754457FD08C4}"
EndProject
Project("{FAE04EC0-301F-11D3-BF4B-00C04F79EFBC}") = "WPF_UDPServer", "WPF_UDPServer\WPF_UDPServer.csproj", "{99886BD9-06D7-4540-B5BC-ED2E7B3C3F78}"
EndProject
Project("{FAE04EC0-301F-11D3-BF4B-00C04F79EFBC}") = "WPF_UDPClient", "WPF_UDPClient\WPF_UDPClient.csproj", "{D81588E4-B031-466B-BB77-01EA54C51AC1}"
EndProject
Global
	GlobalSection(SolutionConfigurationPlatforms) = preSolution
		Debug|Any CPU = Debug|Any CPU
		Release|Any CPU = Release|Any CPU
	EndGlobalSection
	GlobalSection(ProjectConfigurationPlatforms) = postSolution
		{54F76EA6-C63C-4E3B-A513-754457FD08C4}.Debug|Any CPU.ActiveCfg = Debug|Any CPU
		{54F76EA6-C63C-4E3B-A513-754457FD08C4}.Debug|Any CPU.Build.0 = Debug|Any CPU
		{54F76EA6-C63C-4E3B-A513-754457FD08C4}.Release|Any CPU.ActiveCfg = Release|Any CPU
		{54F76EA6-C63C-4E3B-A513-754457FD08C4}.Release|Any CPU.Build.0 = Release|Any CPU
		{99886BD9-06D7-4540-B5BC-ED2E7B3C3F78}.Debug|Any CPU.ActiveCfg = Debug|Any CPU
		{99886BD9-06D7-4540-B5BC-ED2E7B3C3F78}.Debug|Any CPU.Build.0 = Debug|Any CPU
		{99886BD9-06D7-4540-B5BC-ED2E7B3C3F78}.Release|Any CPU.ActiveCfg = Release|Any CPU
		{99886BD9-06D7-4540-B5BC-ED2E7B3C3F78}.Release|Any CPU.Build.0 = Release|Any CPU
		{D81588E4-B031-466B-BB77-01EA54C51AC1}.Debug|Any CPU.ActiveCfg = Debug|Any CPU
		{D81588E4-B031-466B-BB77-01EA54C51AC1}.Debug|Any CPU.Build.0 = Debug|Any CPU
		{D81588E4-B031-466B-BB77-01EA54C51AC1}.Release|Any CPU.ActiveCfg = Release|Any CPU
		{D81588E4-B031-466B-BB77-01EA54C51AC1}.Release|Any CPU.Build.0 = Release|Any CPU
	EndGlobalSection
	GlobalSection(SolutionProperties) = preSolution
		HideSolutionNode = FALSE
	EndGlobalSection
	GlobalSection(ExtensibilityGlobals) = postSolution
		SolutionGuid = {BE608362-411E-45E0-B641-7D0F3D2C1076}
	EndGlobalSection
EndGlobal
